schema: '2.0'
stages:
  etl_pipeline_full:
    cmd: python src/data_handling/etl_pipeline.py
    deps:
    - path: src/_utils/
      hash: md5
      md5: ae41392532188d290395495f6827ed00.dir
      size: 15870
      nfiles: 10
    - path: src/data_handling/
      hash: md5
      md5: 3ff202fc8725e7b29c22c8f56cafa82f.dir
      size: 95686
      nfiles: 30
    - path: src/data_handling/etl_pipeline.py
      hash: md5
      md5: e35381b28eb69484e9eb78512f125f2f
      size: 1817
    outs:
    - path: data/original_df.parquet
      hash: md5
      md5: a9edc0b0bcdd43647f07092715bf7c24
      size: 3628798
    - path: data/processed_df.parquet
      hash: md5
      md5: 96cf10e6f6375c1449384cc70ffc303a
      size: 7019782
  etl_pipeline_stockcode:
    cmd: python src/data_handling/etl_pipeline.py --stockcode 85123A
    deps:
    - path: src/_utils/
      hash: md5
      md5: ae41392532188d290395495f6827ed00.dir
      size: 15870
      nfiles: 10
    - path: src/data_handling/
      hash: md5
      md5: 3ff202fc8725e7b29c22c8f56cafa82f.dir
      size: 95686
      nfiles: 30
    - path: src/data_handling/etl_pipeline.py
      hash: md5
      md5: e35381b28eb69484e9eb78512f125f2f
      size: 1817
    params:
      params.yaml:
        params.stockcode: 85123A
    outs:
    - path: data/processed_df_85123A.parquet
      hash: md5
      md5: cedb58bc1fc056755e76b5fc34ec6bd4
      size: 54966
  data_drift_check:
    cmd: "python src/data_handling/report_data_drift.py data/processed/processed_df.csv
      data/processed_df_85123A.parquet reports/data_drift_report_85123A.html metrics/data_drift_85123A.json
      85123A\n"
    deps:
    - path: src/_utils/
      hash: md5
      md5: ae41392532188d290395495f6827ed00.dir
      size: 15870
      nfiles: 10
    - path: src/data_handling/report_data_drift.py
      hash: md5
      md5: 16b2c1a87b4550da1927f23d91cc5331
      size: 3001
    - path: src/data_handling/scripts/
      hash: md5
      md5: d9c8cf22f7f53ebff966b530a56d77ea.dir
      size: 50857
      nfiles: 16
    params:
      params.yaml:
        params.stockcode: 85123A
    outs:
    - path: metrics/data_drift_85123A.json
      hash: md5
      md5: 139fe4f5857c604a1720193db9374605
      size: 606
    - path: reports/data_drift_report_85123A.html
      hash: md5
      md5: 27504c81547200da6abf28762f467747
      size: 4557812
  preprocess_full:
    cmd: "python src/data_handling/preprocess.py --target_col quantity --should_scale
      true --verbose false\n"
    deps:
    - path: src/_utils
      hash: md5
      md5: ae41392532188d290395495f6827ed00.dir
      size: 15870
      nfiles: 10
    - path: src/data_handling/
      hash: md5
      md5: 3ff202fc8725e7b29c22c8f56cafa82f.dir
      size: 95686
      nfiles: 30
    - path: src/data_handling/preprocess.py
      hash: md5
      md5: 92c0850d9e030c3c7313fec8e0a1a550
      size: 6849
    params:
      params.yaml:
        params.should_scale: true
        params.target_col: quantity
        params.verbose: false
    outs:
    - path: data/x_test_df.parquet
      hash: md5
      md5: b433d5d013e0824908ae8ba0be9736f1
      size: 638272
    - path: data/x_test_processed.parquet
      hash: md5
      md5: dcee91f33645f172644534fdc11dff77
      size: 655361
    - path: data/x_train_df.parquet
      hash: md5
      md5: 8f74a63778d46ebd119e4e9558b32956
      size: 5312507
    - path: data/x_train_processed.parquet
      hash: md5
      md5: 1ae1ece5d3041181428b0399975bad4e
      size: 5403755
    - path: data/x_val_df.parquet
      hash: md5
      md5: c1fdd47191bcafd6d882d67d17761087
      size: 589368
    - path: data/x_val_processed.parquet
      hash: md5
      md5: b575c31b8795e0483684d6678f9aec9a
      size: 605827
    - path: data/y_test_df.parquet
      hash: md5
      md5: b4569386ace6996849d4d72fd6e5103a
      size: 37845
    - path: data/y_train_df.parquet
      hash: md5
      md5: 5ab80240303ac52191186e504e4dd026
      size: 380269
    - path: data/y_val_df.parquet
      hash: md5
      md5: b7a462bfa43677b5a8f370881729a109
      size: 38605
    - path: preprocessors/column_transformer.pkl
      hash: md5
      md5: 2bcecd274545ae9806aa880dea56a2a3
      size: 4557674
    - path: preprocessors/feature_names.json
      hash: md5
      md5: 7b36b5b1f14b69b2d1ba8055ceb38a20
      size: 1370
  preprocess_stockcode:
    cmd: "python src/data_handling/preprocess.py --target_col quantity --should_scale
      true --verbose false --stockcode 85123A\n"
    deps:
    - path: src/_utils
      hash: md5
      md5: ae41392532188d290395495f6827ed00.dir
      size: 15870
      nfiles: 10
    - path: src/data_handling/
      hash: md5
      md5: 3ff202fc8725e7b29c22c8f56cafa82f.dir
      size: 95686
      nfiles: 30
    - path: src/data_handling/preprocess.py
      hash: md5
      md5: 92c0850d9e030c3c7313fec8e0a1a550
      size: 6849
    params:
      params.yaml:
        params.should_scale: true
        params.stockcode: 85123A
        params.target_col: quantity
        params.verbose: false
    outs:
    - path: data/x_test_df_85123A.parquet
      hash: md5
      md5: b5c67ae9453fd2fb55819735966bc514
      size: 18839
    - path: data/x_test_processed_85123A.parquet
      hash: md5
      md5: f6c49afed7126756c5f1729ee6b7ebe9
      size: 41119
    - path: data/x_train_df_85123A.parquet
      hash: md5
      md5: 965cad61e6d21d51cd90dcf3a8a26b6f
      size: 35665
    - path: data/x_train_processed_85123A.parquet
      hash: md5
      md5: ec60a69bdcffc489579a7b3061b42f7e
      size: 54603
    - path: data/x_val_df_85123A.parquet
      hash: md5
      md5: 180371bbb032779bd7750c054f721311
      size: 19175
    - path: data/x_val_processed_85123A.parquet
      hash: md5
      md5: 0eac891a310d10cbb22a4bc55f755263
      size: 41358
    - path: data/y_test_df_85123A.parquet
      hash: md5
      md5: db8cc595ccbb81f88b507f105dfd24fa
      size: 1704
    - path: data/y_train_df_85123A.parquet
      hash: md5
      md5: ea3290566241b93b800f05a20ee66894
      size: 2595
    - path: data/y_val_df_85123A.parquet
      hash: md5
      md5: 0a6bca00e70ccd826e7aa2b79a88a3bf
      size: 1630
    - path: metrics/data_85123A.json
      hash: md5
      md5: c58d2d3a2b4c6daf4655bf2ea157b3e1
      size: 780
  tune_primary_model:
    cmd: "python src/model/torch_model/main.py data/x_train_processed_85123A.parquet
      data/x_val_processed_85123A.parquet data/y_train_df_85123A.parquet data/y_val_df_85123A.parquet
      false false 100 3000 85123A\n"
    deps:
    - path: src/_utils/
      hash: md5
      md5: ae41392532188d290395495f6827ed00.dir
      size: 15870
      nfiles: 10
    - path: src/data_handling/
      hash: md5
      md5: 3ff202fc8725e7b29c22c8f56cafa82f.dir
      size: 95686
      nfiles: 30
    - path: src/model/
      hash: md5
      md5: 8b32c64545d94d0bdb132ee25fea1fcd.dir
      size: 193021
      nfiles: 57
    - path: src/model/torch_model/main.py
      hash: md5
      md5: 799254011ebe2eb61583894b10a3a2cf
      size: 5280
    params:
      params.yaml:
        params.stockcode: 85123A
        tuning.grid: false
        tuning.n_trials: 100
        tuning.should_local_save: false
    outs:
    - path: metrics/dfn_val_85123A.json
      hash: md5
      md5: d8dbfeb8fa60fc5c8cc88663f78501ca
      size: 1673
    - path: models/production/dfn_best_85123A.pth
      hash: md5
      md5: 5e98297730a70734e28cf33746a2d404
      size: 1104617
  inference_primary_model:
    cmd: "python src/model/torch_model/inference.py data/x_test_processed_85123A.parquet
      data/y_test_df_85123A.parquet models/production/dfn_best_85123A.pth 85123A is_registered
      1\n"
    deps:
    - path: models/production/
      hash: md5
      md5: e84033bc62b88ed2f9cb2dd713ca6835.dir
      size: 1104638
      nfiles: 2
    - path: src/_utils/
      hash: md5
      md5: ae41392532188d290395495f6827ed00.dir
      size: 15870
      nfiles: 10
    - path: src/model/
      hash: md5
      md5: 8b32c64545d94d0bdb132ee25fea1fcd.dir
      size: 193021
      nfiles: 57
    - path: src/model/torch_model/inference.py
      hash: md5
      md5: a158052f542d1c1e2cf95bb9bdeb5168
      size: 5243
    params:
      params.yaml:
        params.stockcode: 85123A
        tracking.privileged_group: 1
        tracking.sensitive_feature_col: is_registered
    outs:
    - path: data/dfn_inference_results_85123A.parquet
      hash: md5
      md5: 74b5ebcb342b6907321fd5bf937e4255
      size: 2965
    - path: metrics/dfn_inf_85123A.json
      hash: md5
      md5: 893ffc63aafbb054d5fab036ffd289b7
      size: 1675
    - path: reports/dfn_raw_shap_values_85123A.parquet
      hash: md5
      md5: 48b5d8b7991d3127100710a8d854392c
      size: 181420
    - path: reports/dfn_shap_mean_abs_85123A.json
      hash: md5
      md5: 6cc91a395c345c9e54f8232001c7501f
      size: 5905
    - path: reports/dfn_shap_summary_85123A.json
      hash: md5
      md5: ac54dccf4197a359d9b4355658f04f96
      size: 3488210
  assess_model_risk:
    cmd: "python src/model/torch_model/assess_risk_and_fairness.py data/dfn_inference_results_85123A.parquet
      metrics/dfn_risk_fairness_85123A.json is_registered 85123A 1 0.1\n"
    deps:
    - path: data/dfn_inference_results_85123A.parquet
      hash: md5
      md5: 74b5ebcb342b6907321fd5bf937e4255
      size: 2965
    - path: src/_utils/
      hash: md5
      md5: ae41392532188d290395495f6827ed00.dir
      size: 15870
      nfiles: 10
    - path: src/model/torch_model/assess_risk_and_fairness.py
      hash: md5
      md5: e77a9c96999e1265af199530bfdcc5d0
      size: 4426
    params:
      params.yaml:
        params.stockcode: 85123A
        tracking.mod_threshold: 0.1
        tracking.privileged_group: 1
        tracking.sensitive_feature_col: is_registered
    outs:
    - path: metrics/dfn_risk_fairness_85123A.json
      hash: md5
      md5: 551bf43e63fd5be103acffcd76c92f9c
      size: 516
