schema: '2.0'
stages:
  etl_pipeline_full:
    cmd: python src/data_handling/etl_pipeline.py
    deps:
    - path: src/_utils/
      hash: md5
      md5: ae41392532188d290395495f6827ed00.dir
      size: 15870
      nfiles: 10
    - path: src/data_handling/
      hash: md5
      md5: 99caae2c70587136c0b587d81601299a.dir
      size: 95639
      nfiles: 30
    - path: src/data_handling/etl_pipeline.py
      hash: md5
      md5: 78839e2d22e26a7cb863bb1153cdf234
      size: 1743
    outs:
    - path: data/original_df.parquet
      hash: md5
      md5: 01451de363c83fb489bad09276ad4a1b
      size: 3631450
    - path: data/processed_df.parquet
      hash: md5
      md5: 5605f2648e91221d258d52380e0aa83b
      size: 7019782
  etl_pipeline_stockcode:
    cmd: python src/data_handling/etl_pipeline.py --stockcode 85123A
    deps:
    - path: src/_utils/
      hash: md5
      md5: ae41392532188d290395495f6827ed00.dir
      size: 15870
      nfiles: 10
    - path: src/data_handling/
      hash: md5
      md5: 99caae2c70587136c0b587d81601299a.dir
      size: 95639
      nfiles: 30
    - path: src/data_handling/etl_pipeline.py
      hash: md5
      md5: 78839e2d22e26a7cb863bb1153cdf234
      size: 1743
    params:
      params.yaml:
        params.stockcode: 85123A
    outs:
    - path: data/processed_df_85123A.parquet
      hash: md5
      md5: af5ca7ad77f7b1b64cde94fc768b0b9c
      size: 54966
  data_drift_check:
    cmd: "python src/data_handling/report_data_drift.py data/processed/processed_df.csv
      data/processed_df_85123A.parquet reports/data_drift_report_85123A.html metrics/data_drift_85123A.json
      85123A\n"
    deps:
    - path: src/_utils/
      hash: md5
      md5: ae41392532188d290395495f6827ed00.dir
      size: 15870
      nfiles: 10
    - path: src/data_handling/report_data_drift.py
      hash: md5
      md5: 16b2c1a87b4550da1927f23d91cc5331
      size: 3001
    - path: src/data_handling/scripts/
      hash: md5
      md5: fd102c3acff804257601173c7f465c8a.dir
      size: 50886
      nfiles: 16
    params:
      params.yaml:
        params.stockcode: 85123A
    outs:
    - path: metrics/data_drift_85123A.json
      hash: md5
      md5: 1727f4824586c80b44b9af431184d3ef
      size: 606
    - path: reports/data_drift_report_85123A.html
      hash: md5
      md5: 886fadfe926243c96fa659cace4ccab2
      size: 4557812
  preprocess_full:
    cmd: "python src/data_handling/preprocess.py --target_col quantity --should_scale
      true --verbose false\n"
    deps:
    - path: src/_utils
      hash: md5
      md5: ae41392532188d290395495f6827ed00.dir
      size: 15870
      nfiles: 10
    - path: src/data_handling/
      hash: md5
      md5: 99caae2c70587136c0b587d81601299a.dir
      size: 95639
      nfiles: 30
    - path: src/data_handling/preprocess.py
      hash: md5
      md5: 92c0850d9e030c3c7313fec8e0a1a550
      size: 6849
    params:
      params.yaml:
        params.should_scale: true
        params.target_col: quantity
        params.verbose: false
    outs:
    - path: data/x_test_df.parquet
      hash: md5
      md5: 01da54f6b6b37e7827cce3ac28797727
      size: 638272
    - path: data/x_test_processed.parquet
      hash: md5
      md5: f6c5ec0a4d7ac8a9f7ae7345111c4327
      size: 655361
    - path: data/x_train_df.parquet
      hash: md5
      md5: 21b49b634fcd6b012386fbe08e4da376
      size: 5312507
    - path: data/x_train_processed.parquet
      hash: md5
      md5: b84d4f821af05e182df7a83ea0a436d6
      size: 5403755
    - path: data/x_val_df.parquet
      hash: md5
      md5: 1c2a2fc23cd963c0c9e2fc6c5f254a34
      size: 589368
    - path: data/x_val_processed.parquet
      hash: md5
      md5: 6e68881d8e1d9cab789694490495d23a
      size: 605827
    - path: data/y_test_df.parquet
      hash: md5
      md5: 4ca500e54909a26840f31633e6ec636c
      size: 37845
    - path: data/y_train_df.parquet
      hash: md5
      md5: 9f55b7572e68b267e3bd52ae795ee727
      size: 380269
    - path: data/y_val_df.parquet
      hash: md5
      md5: 3e5aeda51b77d3e772fb7da6f83303eb
      size: 38605
    - path: preprocessors/column_transformer.pkl
      hash: md5
      md5: 2bcecd274545ae9806aa880dea56a2a3
      size: 4557674
    - path: preprocessors/feature_names.json
      hash: md5
      md5: 7b36b5b1f14b69b2d1ba8055ceb38a20
      size: 1370
  preprocess_stockcode:
    cmd: "python src/data_handling/preprocess.py --target_col quantity --should_scale
      true --verbose false --stockcode 85123A\n"
    deps:
    - path: src/_utils
      hash: md5
      md5: ae41392532188d290395495f6827ed00.dir
      size: 15870
      nfiles: 10
    - path: src/data_handling/
      hash: md5
      md5: 99caae2c70587136c0b587d81601299a.dir
      size: 95639
      nfiles: 30
    - path: src/data_handling/preprocess.py
      hash: md5
      md5: 92c0850d9e030c3c7313fec8e0a1a550
      size: 6849
    params:
      params.yaml:
        params.should_scale: true
        params.stockcode: 85123A
        params.target_col: quantity
        params.verbose: false
    outs:
    - path: data/x_test_df_85123A.parquet
      hash: md5
      md5: d0a9cbd556fa1357e04947766e2abe5e
      size: 18839
    - path: data/x_test_processed_85123A.parquet
      hash: md5
      md5: 92886388997be40034db3e9a54eaedc5
      size: 41119
    - path: data/x_train_df_85123A.parquet
      hash: md5
      md5: 30b486161a437c872ae1c00f5098c36e
      size: 35665
    - path: data/x_train_processed_85123A.parquet
      hash: md5
      md5: a2fe8859c47e4e6f52927b93fcd62dd8
      size: 54603
    - path: data/x_val_df_85123A.parquet
      hash: md5
      md5: a8d90b5afce282ad9ff809238018582b
      size: 19175
    - path: data/x_val_processed_85123A.parquet
      hash: md5
      md5: f25aae161647d9deab4669a22c75269a
      size: 41358
    - path: data/y_test_df_85123A.parquet
      hash: md5
      md5: 23895f05c81ec835c76a4999e4e2f621
      size: 1704
    - path: data/y_train_df_85123A.parquet
      hash: md5
      md5: 501588641d7036637dffedc6ade2f0c4
      size: 2595
    - path: data/y_val_df_85123A.parquet
      hash: md5
      md5: aa5b9af629d06b0d61dd5bd5fa6b04f7
      size: 1630
    - path: metrics/data_85123A.json
      hash: md5
      md5: 64109b52e8c4dc82ba124c5b452e9235
      size: 780
  tune_primary_model:
    cmd: "python src/model/torch_model/main.py data/x_train_processed_85123A.parquet
      data/x_val_processed_85123A.parquet data/y_train_df_85123A.parquet data/y_val_df_85123A.parquet
      false false 100 3000 85123A\n"
    deps:
    - path: src/_utils/
      hash: md5
      md5: ae41392532188d290395495f6827ed00.dir
      size: 15870
      nfiles: 10
    - path: src/data_handling/
      hash: md5
      md5: 99caae2c70587136c0b587d81601299a.dir
      size: 95639
      nfiles: 30
    - path: src/model/
      hash: md5
      md5: 4ff2bd4ed2767dbe1724957d4eab550d.dir
      size: 198010
      nfiles: 59
    - path: src/model/torch_model/main.py
      hash: md5
      md5: 799254011ebe2eb61583894b10a3a2cf
      size: 5280
    params:
      params.yaml:
        params.stockcode: 85123A
        tuning.grid: false
        tuning.n_trials: 100
        tuning.should_local_save: false
    outs:
    - path: metrics/dfn_val_85123A.json
      hash: md5
      md5: a55e8b1e58f3e72d57ae2207940f519b
      size: 905
    - path: models/production/dfn_best_85123A.pth
      hash: md5
      md5: f5414c55dc6bc8dec09646cec39c0b63
      size: 304771
  inference_primary_model:
    cmd: "python src/model/torch_model/inference.py data/x_test_processed_85123A.parquet
      data/y_test_df_85123A.parquet models/production/dfn_best_85123A.pth 85123A is_registered
      1\n"
    deps:
    - path: models/production/
      hash: md5
      md5: 4930951b69d50ef0ff102d0d8989ed16.dir
      size: 304792
      nfiles: 2
    - path: src/_utils/
      hash: md5
      md5: ae41392532188d290395495f6827ed00.dir
      size: 15870
      nfiles: 10
    - path: src/model/
      hash: md5
      md5: 4ff2bd4ed2767dbe1724957d4eab550d.dir
      size: 198010
      nfiles: 59
    - path: src/model/torch_model/inference.py
      hash: md5
      md5: a158052f542d1c1e2cf95bb9bdeb5168
      size: 5243
    params:
      params.yaml:
        params.stockcode: 85123A
        tracking.privileged_group: 1
        tracking.sensitive_feature_col: is_registered
    outs:
    - path: data/dfn_inference_results_85123A.parquet
      hash: md5
      md5: 71a1cdc474952c25724ded072cc578f0
      size: 2653
    - path: metrics/dfn_inf_85123A.json
      hash: md5
      md5: f16939ef66381db2948fb571c1e9cd1b
      size: 905
    - path: reports/dfn_raw_shap_values_85123A.parquet
      hash: md5
      md5: 3d66be83c3e794ff4d80130f126c6a1e
      size: 180845
    - path: reports/dfn_shap_mean_abs_85123A.json
      hash: md5
      md5: 1baa3c27ff6f4f548649422f6578aaa5
      size: 5913
    - path: reports/dfn_shap_summary_85123A.json
      hash: md5
      md5: 7604b9c2cbbe79c0c219b77dec78595f
      size: 3496944
  assess_model_risk:
    cmd: "python src/model/torch_model/assess_risk_and_fairness.py data/dfn_inference_results_85123A.parquet
      metrics/dfn_risk_fairness_85123A.json is_registered 85123A 1 0.1\n"
    deps:
    - path: data/dfn_inference_results_85123A.parquet
      hash: md5
      md5: 71a1cdc474952c25724ded072cc578f0
      size: 2653
    - path: src/_utils/
      hash: md5
      md5: ae41392532188d290395495f6827ed00.dir
      size: 15870
      nfiles: 10
    - path: src/model/torch_model/assess_risk_and_fairness.py
      hash: md5
      md5: e77a9c96999e1265af199530bfdcc5d0
      size: 4426
    params:
      params.yaml:
        params.stockcode: 85123A
        tracking.mod_threshold: 0.1
        tracking.privileged_group: 1
        tracking.sensitive_feature_col: is_registered
    outs:
    - path: metrics/dfn_risk_fairness_85123A.json
      hash: md5
      md5: 9be803f22293784ecac43a1f458cc336
      size: 514
